Microsoft Visual Studio Solution File, Format Version 12.00
# Visual Studio Version 17
VisualStudioVersion = 17.5.2.0
MinimumVisualStudioVersion = 10.0.40219.1
Project("{FAE04EC0-301F-11D3-BF4B-00C04F79EFBC}") = "ffmpegBatch", "ffmpegBatch.csproj", "{455DCE55-8371-02F6-2BBB-96CA74D98A00}"
EndProject
Global
	GlobalSection(SolutionConfigurationPlatforms) = preSolution
		Debug|Any CPU = Debug|Any CPU
		Release|Any CPU = Release|Any CPU
	EndGlobalSection
	GlobalSection(ProjectConfigurationPlatforms) = postSolution
		{455DCE55-8371-02F6-2BBB-96CA74D98A00}.Debug|Any CPU.ActiveCfg = Debug|Any CPU
		{455DCE55-8371-02F6-2BBB-96CA74D98A00}.Debug|Any CPU.Build.0 = Debug|Any CPU
		{455DCE55-8371-02F6-2BBB-96CA74D98A00}.Release|Any CPU.ActiveCfg = Release|Any CPU
		{455DCE55-8371-02F6-2BBB-96CA74D98A00}.Release|Any CPU.Build.0 = Release|Any CPU
	EndGlobalSection
	GlobalSection(SolutionProperties) = preSolution
		HideSolutionNode = FALSE
	EndGlobalSection
	GlobalSection(ExtensibilityGlobals) = postSolution
		SolutionGuid = {350170B4-D374-491D-87E5-06BB7594E89A}
	EndGlobalSection
EndGlobal
